
Microsoft Visual Studio Solution File, Format Version 12.00
Project("{FAE04EC0-301F-11D3-BF4B-00C04F79EFBC}") = "WebX", "WebX\WebX.csproj", "{4DFE2490-6CD1-416A-A212-8B9DB59B4774}"
EndProject
Global
	GlobalSection(SolutionConfigurationPlatforms) = preSolution
		Debug|Any CPU = Debug|Any CPU
		Release|Any CPU = Release|Any CPU
	EndGlobalSection
	GlobalSection(ProjectConfigurationPlatforms) = postSolution
		{4DFE2490-6CD1-416A-A212-8B9DB59B4774}.Debug|Any CPU.ActiveCfg = Debug|Any CPU
		{4DFE2490-6CD1-416A-A212-8B9DB59B4774}.Debug|Any CPU.Build.0 = Debug|Any CPU
		{4DFE2490-6CD1-416A-A212-8B9DB59B4774}.Release|Any CPU.ActiveCfg = Release|Any CPU
		{4DFE2490-6CD1-416A-A212-8B9DB59B4774}.Release|Any CPU.Build.0 = Release|Any CPU
	EndGlobalSection
EndGlobal
